
Microsoft Visual Studio Solution File, Format Version 12.00
# Visual Studio Version 16
VisualStudioVersion = 16.0.31702.278
MinimumVisualStudioVersion = 10.0.40219.1
Project("{FAE04EC0-301F-11D3-BF4B-00C04F79EFBC}") = "DevelWebApp", "DevelWebApp\DevelWebApp.csproj", "{2EA1D840-91A1-4BAF-B658-0D89C6AB077C}"
EndProject
Global
	GlobalSection(SolutionConfigurationPlatforms) = preSolution
		Debug|Any CPU = Debug|Any CPU
		Release|Any CPU = Release|Any CPU
	EndGlobalSection
	GlobalSection(ProjectConfigurationPlatforms) = postSolution
		{2EA1D840-91A1-4BAF-B658-0D89C6AB077C}.Debug|Any CPU.ActiveCfg = Debug|Any CPU
		{2EA1D840-91A1-4BAF-B658-0D89C6AB077C}.Debug|Any CPU.Build.0 = Debug|Any CPU
		{2EA1D840-91A1-4BAF-B658-0D89C6AB077C}.Release|Any CPU.ActiveCfg = Release|Any CPU
		{2EA1D840-91A1-4BAF-B658-0D89C6AB077C}.Release|Any CPU.Build.0 = Release|Any CPU
	EndGlobalSection
	GlobalSection(SolutionProperties) = preSolution
		HideSolutionNode = FALSE
	EndGlobalSection
	GlobalSection(ExtensibilityGlobals) = postSolution
		SolutionGuid = {08AE7E93-446F-45FA-8D35-7A6915CA2C10}
	EndGlobalSection
EndGlobal
